{
  "requires": true,
  "lockfileVersion": 1,
  "dependencies": {
    "@fullcalendar/common": {
      "version": "5.10.1",
      "resolved": "https://registry.npmjs.org/@fullcalendar/common/-/common-5.10.1.tgz",
      "integrity": "sha512-EumKIJcQTvQdTs75/9dmeREFgjcRVWzqHJS1Xvlz5mNsmB+w9EINCHETRjChtAQg1WD/lTQyVj4sHsKO7vCMSw==",
      "requires": {
        "tslib": "^2.1.0"
      }
    },
    "@fullcalendar/core": {
      "version": "5.10.1",
      "resolved": "https://registry.npmjs.org/@fullcalendar/core/-/core-5.10.1.tgz",
      "integrity": "sha512-8sVuC6ywXV+cxqsqTZaR1hgUqeyjVed20NyZ7lGW9AY0kma1GIEwLgqPS5Q6uVhHyin68lmgecKfJCwhxENE8w==",
      "requires": {
        "@fullcalendar/common": "~5.10.1",
        "preact": "^10.0.5",
        "tslib": "^2.1.0"
      }
    },
    "preact": {
      "version": "10.5.15",
      "resolved": "https://registry.npmjs.org/preact/-/preact-10.5.15.tgz",
      "integrity": "sha512-5chK29n6QcJc3m1lVrKQSQ+V7K1Gb8HeQY6FViQ5AxCAEGu3DaHffWNDkC9+miZgsLvbvU9rxbV1qinGHMHzqA=="
    },
    "tslib": {
      "version": "2.3.1",
      "resolved": "https://registry.npmjs.org/tslib/-/tslib-2.3.1.tgz",
      "integrity": "sha512-77EbyPPpMz+FRFRuAFlWMtmgUWGe9UOG2Z25NqCwiIjRhOf5iKGuzSe5P2w1laq+FkRy4p+PCuVkJSGkzTEKVw=="
    }
  }
}
